# This file is autogenerated, do not edit; changes may be undone by the next 'dep ensure'.


[[projects]]
  digest = "1:42cf657e9a38dbea61b503ec5bc2792abd5027e0395dcc7548a86090701a073a"
  name = "github.com/boombuler/barcode"
  packages = [
    ".",
    "aztec",
    "codabar",
    "code128",
    "code39",
    "datamatrix",
    "ean",
    "qr",
    "twooffive",
    "utils",
  ]
  pruneopts = "UT"
  revision = "3cfea5ab600ae37946be2b763b8ec2c1cf2d272d"
  version = "v1.0.0"

[[projects]]
  branch = "master"
  digest = "1:28a4fef41b560eac361a4ae026874de3070f77dbe8167efd92ea062f626447b8"
  name = "github.com/foobaz/lossypng"
  packages = ["lossypng"]
  pruneopts = "UT"
  revision = "b2e79a7cd5f1a8f7ddb5370af26b836e5eed83bd"

[[projects]]
  digest = "1:ccc711931503c4b881a84f2ef38a00f0bf1adc5b1b17451290268dddf7e937f8"
  name = "github.com/jung-kurt/gofpdf"
  packages = [
    ".",
    "contrib/barcode",
    "contrib/httpimg",
    "contrib/tiff",
    "internal/example",
    "internal/files",
  ]
  pruneopts = "UT"
  revision = "567bef933d5649777a8b39772ad57dc9ddaba8d8"
  version = "v1.0.1"

[[projects]]
  branch = "master"
  digest = "1:5b064c863d2532deee1f1c8d25e7370db1090a8522717f35b552a8026434893e"
  name = "github.com/ruudk/golang-pdf417"
  packages = ["."]
  pruneopts = "UT"
  revision = "1af4ab5afa58c956c53ed723dee66437498b9415"

[[projects]]
  branch = "master"
  digest = "1:6ce2f0f3d7b6592c573d807b40bf4fba598667fb2314c92c3166e68c23cb2c03"
  name = "golang.org/x/image"
  packages = [
    "tiff",
    "tiff/lzw",
  ]
  pruneopts = "UT"
  revision = "31aff87c08e9a5e5d524279a564f96968336f886"

[solve-meta]
  analyzer-name = "dep"
  analyzer-version = 1
  input-imports = [
    "github.com/boombuler/barcode",
    "github.com/boombuler/barcode/aztec",
    "github.com/boombuler/barcode/codabar",
    "github.com/boombuler/barcode/code128",
    "github.com/boombuler/barcode/code39",
    "github.com/boombuler/barcode/datamatrix",
    "github.com/boombuler/barcode/ean",
    "github.com/boombuler/barcode/qr",
    "github.com/boombuler/barcode/twooffive",
    "github.com/foobaz/lossypng/lossypng",
    "github.com/jung-kurt/gofpdf",
    "github.com/jung-kurt/gofpdf/contrib/barcode",
    "github.com/jung-kurt/gofpdf/contrib/httpimg",
    "github.com/jung-kurt/gofpdf/contrib/tiff",
    "github.com/jung-kurt/gofpdf/internal/example",
    "github.com/jung-kurt/gofpdf/internal/files",
    "github.com/ruudk/golang-pdf417",
    "golang.org/x/image/tiff",
  ]
  solver-name = "gps-cdcl"
  solver-version = 1
